// !$*UTF8*$!
{
	archiveVersion = 1;
	classes = {
	};
	objectVersion = 77;
	objects = {

/* Begin PBXBuildFile section */
		0F5FF02F2E1795320076D1F6 /* Kingfisher in Frameworks */ = {isa = PBXBuildFile; productRef = 0F5FF02E2E1795320076D1F6 /* Kingfisher */; };
		0F5FF0342E17A12D0076D1F6 /* MovieLibraryBrowser-Info.plist in Resources */ = {isa = PBXBuildFile; fileRef = 0F5FF0332E17A1260076D1F6 /* MovieLibraryBrowser-Info.plist */; };
/* End PBXBuildFile section */

/* Begin PBXContainerItemProxy section */
		0F3FB3BB2E16145A00BB9483 /* PBXContainerItemProxy */ = {
			isa = PBXContainerItemProxy;
			containerPortal = 0F3FB3A32E16145A00BB9483 /* Project object */;
			proxyType = 1;
			remoteGlobalIDString = 0F3FB3AA2E16145A00BB9483;
			remoteInfo = MovieLibraryBrowser;
		};
		0F3FB3C52E16145A00BB9483 /* PBXContainerItemProxy */ = {
			isa = PBXContainerItemProxy;
			containerPortal = 0F3FB3A32E16145A00BB9483 /* Project object */;
			proxyType = 1;
			remoteGlobalIDString = 0F3FB3AA2E16145A00BB9483;
			remoteInfo = MovieLibraryBrowser;
		};
/* End PBXContainerItemProxy section */

/* Begin PBXFileReference section */
		0F3FB3AB2E16145A00BB9483 /* MovieLibraryBrowser.app */ = {isa = PBXFileReference; explicitFileType = wrapper.application; includeInIndex = 0; path = MovieLibraryBrowser.app; sourceTree = BUILT_PRODUCTS_DIR; };
		0F3FB3BA2E16145A00BB9483 /* MovieLibraryBrowserTests.xctest */ = {isa = PBXFileReference; explicitFileType = wrapper.cfbundle; includeInIndex = 0; path = MovieLibraryBrowserTests.xctest; sourceTree = BUILT_PRODUCTS_DIR; };
		0F3FB3C42E16145A00BB9483 /* MovieLibraryBrowserUITests.xctest */ = {isa = PBXFileReference; explicitFileType = wrapper.cfbundle; includeInIndex = 0; path = MovieLibraryBrowserUITests.xctest; sourceTree = BUILT_PRODUCTS_DIR; };
		0F5FF0332E17A1260076D1F6 /* MovieLibraryBrowser-Info.plist */ = {isa = PBXFileReference; lastKnownFileType = text.plist.xml; path = "MovieLibraryBrowser-Info.plist"; sourceTree = "<group>"; };
/* End PBXFileReference section */

/* Begin PBXFileSystemSynchronizedRootGroup section */
		0F3FB3AD2E16145A00BB9483 /* MovieLibraryBrowser */ = {
			isa = PBXFileSystemSynchronizedRootGroup;
			path = MovieLibraryBrowser;
			sourceTree = "<group>";
		};
		0F3FB3BD2E16145A00BB9483 /* MovieLibraryBrowserTests */ = {
			isa = PBXFileSystemSynchronizedRootGroup;
			path = MovieLibraryBrowserTests;
			sourceTree = "<group>";
		};
		0F3FB3C72E16145A00BB9483 /* MovieLibraryBrowserUITests */ = {
			isa = PBXFileSystemSynchronizedRootGroup;
			path = MovieLibraryBrowserUITests;
			sourceTree = "<group>";
		};
/* End PBXFileSystemSynchronizedRootGroup section */

/* Begin PBXFrameworksBuildPhase section */
		0F3FB3A82E16145A00BB9483 /* Frameworks */ = {
			isa = PBXFrameworksBuildPhase;
			buildActionMask = 2147483647;
			files = (
				0F5FF02F2E1795320076D1F6 /* Kingfisher in Frameworks */,
			);
			runOnlyForDeploymentPostprocessing = 0;
		};
		0F3FB3B72E16145A00BB9483 /* Frameworks */ = {
			isa = PBXFrameworksBuildPhase;
			buildActionMask = 2147483647;
			files = (
			);
			runOnlyForDeploymentPostprocessing = 0;
		};
		0F3FB3C12E16145A00BB9483 /* Frameworks */ = {
			isa = PBXFrameworksBuildPhase;
			buildActionMask = 2147483647;
			files = (
			);
			runOnlyForDeploymentPostprocessing = 0;
		};
/* End PBXFrameworksBuildPhase section */

/* Begin PBXGroup section */
		0F3FB3A22E16145A00BB9483 = {
			isa = PBXGroup;
			children = (
				0F3FB3AD2E16145A00BB9483 /* MovieLibraryBrowser */,
				0F3FB3BD2E16145A00BB9483 /* MovieLibraryBrowserTests */,
				0F3FB3C72E16145A00BB9483 /* MovieLibraryBrowserUITests */,
				0F3FB3AC2E16145A00BB9483 /* Products */,
				0F5FF0332E17A1260076D1F6 /* MovieLibraryBrowser-Info.plist */,
			);
			sourceTree = "<group>";
		};
		0F3FB3AC2E16145A00BB9483 /* Products */ = {
			isa = PBXGroup;
			children = (
				0F3FB3AB2E16145A00BB9483 /* MovieLibraryBrowser.app */,
				0F3FB3BA2E16145A00BB9483 /* MovieLibraryBrowserTests.xctest */,
				0F3FB3C42E16145A00BB9483 /* MovieLibraryBrowserUITests.xctest */,
			);
			name = Products;
			sourceTree = "<group>";
		};
/* End PBXGroup section */

/* Begin PBXNativeTarget section */
		0F3FB3AA2E16145A00BB9483 /* MovieLibraryBrowser */ = {
			isa = PBXNativeTarget;
			buildConfigurationList = 0F3FB3CE2E16145A00BB9483 /* Build configuration list for PBXNativeTarget "MovieLibraryBrowser" */;
			buildPhases = (
				0F3FB3A72E16145A00BB9483 /* Sources */,
				0F3FB3A82E16145A00BB9483 /* Frameworks */,
				0F3FB3A92E16145A00BB9483 /* Resources */,
			);
			buildRules = (
			);
			dependencies = (
			);
			fileSystemSynchronizedGroups = (
				0F3FB3AD2E16145A00BB9483 /* MovieLibraryBrowser */,
			);
			name = MovieLibraryBrowser;
			packageProductDependencies = (
				0F5FF02E2E1795320076D1F6 /* Kingfisher */,
			);
			productName = MovieLibraryBrowser;
			productReference = 0F3FB3AB2E16145A00BB9483 /* MovieLibraryBrowser.app */;
			productType = "com.apple.product-type.application";
		};
		0F3FB3B92E16145A00BB9483 /* MovieLibraryBrowserTests */ = {
			isa = PBXNativeTarget;
			buildConfigurationList = 0F3FB3D12E16145A00BB9483 /* Build configuration list for PBXNativeTarget "MovieLibraryBrowserTests" */;
			buildPhases = (
				0F3FB3B62E16145A00BB9483 /* Sources */,
				0F3FB3B72E16145A00BB9483 /* Frameworks */,
				0F3FB3B82E16145A00BB9483 /* Resources */,
			);
			buildRules = (
			);
			dependencies = (
				0F3FB3BC2E16145A00BB9483 /* PBXTargetDependency */,
			);
			fileSystemSynchronizedGroups = (
				0F3FB3BD2E16145A00BB9483 /* MovieLibraryBrowserTests */,
			);
			name = MovieLibraryBrowserTests;
			packageProductDependencies = (
			);
			productName = MovieLibraryBrowserTests;
			productReference = 0F3FB3BA2E16145A00BB9483 /* MovieLibraryBrowserTests.xctest */;
			productType = "com.apple.product-type.bundle.unit-test";
		};
		0F3FB3C32E16145A00BB9483 /* MovieLibraryBrowserUITests */ = {
			isa = PBXNativeTarget;
			buildConfigurationList = 0F3FB3D42E16145A00BB9483 /* Build configuration list for PBXNativeTarget "MovieLibraryBrowserUITests" */;
			buildPhases = (
				0F3FB3C02E16145A00BB9483 /* Sources */,
				0F3FB3C12E16145A00BB9483 /* Frameworks */,
				0F3FB3C22E16145A00BB9483 /* Resources */,
			);
			buildRules = (
			);
			dependencies = (
				0F3FB3C62E16145A00BB9483 /* PBXTargetDependency */,
			);
			fileSystemSynchronizedGroups = (
				0F3FB3C72E16145A00BB9483 /* MovieLibraryBrowserUITests */,
			);
			name = MovieLibraryBrowserUITests;
			packageProductDependencies = (
			);
			productName = MovieLibraryBrowserUITests;
			productReference = 0F3FB3C42E16145A00BB9483 /* MovieLibraryBrowserUITests.xctest */;
			productType = "com.apple.product-type.bundle.ui-testing";
		};
/* End PBXNativeTarget section */

/* Begin PBXProject section */
		0F3FB3A32E16145A00BB9483 /* Project object */ = {
			isa = PBXProject;
			attributes = {
				BuildIndependentTargetsInParallel = 1;
				LastSwiftUpdateCheck = 1630;
				LastUpgradeCheck = 1630;
				TargetAttributes = {
					0F3FB3AA2E16145A00BB9483 = {
						CreatedOnToolsVersion = 16.3;
					};
					0F3FB3B92E16145A00BB9483 = {
						CreatedOnToolsVersion = 16.3;
						TestTargetID = 0F3FB3AA2E16145A00BB9483;
					};
					0F3FB3C32E16145A00BB9483 = {
						CreatedOnToolsVersion = 16.3;
						TestTargetID = 0F3FB3AA2E16145A00BB9483;
					};
				};
			};
			buildConfigurationList = 0F3FB3A62E16145A00BB9483 /* Build configuration list for PBXProject "MovieLibraryBrowser" */;
			developmentRegion = en;
			hasScannedForEncodings = 0;
			knownRegions = (
				en,
				Base,
			);
			mainGroup = 0F3FB3A22E16145A00BB9483;
			minimizedProjectReferenceProxies = 1;
			packageReferences = (
				0F5FF02D2E1795320076D1F6 /* XCRemoteSwiftPackageReference "Kingfisher" */,
			);
			preferredProjectObjectVersion = 77;
			productRefGroup = 0F3FB3AC2E16145A00BB9483 /* Products */;
			projectDirPath = "";
			projectRoot = "";
			targets = (
				0F3FB3AA2E16145A00BB9483 /* MovieLibraryBrowser */,
				0F3FB3B92E16145A00BB9483 /* MovieLibraryBrowserTests */,
				0F3FB3C32E16145A00BB9483 /* MovieLibraryBrowserUITests */,
			);
		};
/* End PBXProject section */

/* Begin PBXResourcesBuildPhase section */
		0F3FB3A92E16145A00BB9483 /* Resources */ = {
			isa = PBXResourcesBuildPhase;
			buildActionMask = 2147483647;
			files = (
				0F5FF0342E17A12D0076D1F6 /* MovieLibraryBrowser-Info.plist in Resources */,
			);
			runOnlyForDeploymentPostprocessing = 0;
		};
		0F3FB3B82E16145A00BB9483 /* Resources */ = {
			isa = PBXResourcesBuildPhase;
			buildActionMask = 2147483647;
			files = (
			);
			runOnlyForDeploymentPostprocessing = 0;
		};
		0F3FB3C22E16145A00BB9483 /* Resources */ = {
			isa = PBXResourcesBuildPhase;
			buildActionMask = 2147483647;
			files = (
			);
			runOnlyForDeploymentPostprocessing = 0;
		};
/* End PBXResourcesBuildPhase section */

/* Begin PBXSourcesBuildPhase section */
		0F3FB3A72E16145A00BB9483 /* Sources */ = {
			isa = PBXSourcesBuildPhase;
			buildActionMask = 2147483647;
			files = (
			);
			runOnlyForDeploymentPostprocessing = 0;
		};
		0F3FB3B62E16145A00BB9483 /* Sources */ = {
			isa = PBXSourcesBuildPhase;
			buildActionMask = 2147483647;
			files = (
			);
			runOnlyForDeploymentPostprocessing = 0;
		};
		0F3FB3C02E16145A00BB9483 /* Sources */ = {
			isa = PBXSourcesBuildPhase;
			buildActionMask = 2147483647;
			files = (
			);
			runOnlyForDeploymentPostprocessing = 0;
		};
/* End PBXSourcesBuildPhase section */

/* Begin PBXTargetDependency section */
		0F3FB3BC2E16145A00BB9483 /* PBXTargetDependency */ = {
			isa = PBXTargetDependency;
			target = 0F3FB3AA2E16145A00BB9483 /* MovieLibraryBrowser */;
			targetProxy = 0F3FB3BB2E16145A00BB9483 /* PBXContainerItemProxy */;
		};
		0F3FB3C62E16145A00BB9483 /* PBXTargetDependency */ = {
			isa = PBXTargetDependency;
			target = 0F3FB3AA2E16145A00BB9483 /* MovieLibraryBrowser */;
			targetProxy = 0F3FB3C52E16145A00BB9483 /* PBXContainerItemProxy */;
		};
/* End PBXTargetDependency section */

/* Begin XCBuildConfiguration section */
		0F3FB3CC2E16145A00BB9483 /* Debug */ = {
			isa = XCBuildConfiguration;
			buildSettings = {
				ALWAYS_SEARCH_USER_PATHS = NO;
				ASSETCATALOG_COMPILER_GENERATE_SWIFT_ASSET_SYMBOL_EXTENSIONS = YES;
				CLANG_ANALYZER_NONNULL = YES;
				CLANG_ANALYZER_NUMBER_OBJECT_CONVERSION = YES_AGGRESSIVE;
				CLANG_CXX_LANGUAGE_STANDARD = "gnu++20";
				CLANG_ENABLE_MODULES = YES;
				CLANG_ENABLE_OBJC_ARC = YES;
				CLANG_ENABLE_OBJC_WEAK = YES;
				CLANG_WARN_BLOCK_CAPTURE_AUTORELEASING = YES;
				CLANG_WARN_BOOL_CONVERSION = YES;
				CLANG_WARN_COMMA = YES;
				CLANG_WARN_CONSTANT_CONVERSION = YES;
				CLANG_WARN_DEPRECATED_OBJC_IMPLEMENTATIONS = YES;
				CLANG_WARN_DIRECT_OBJC_ISA_USAGE = YES_ERROR;
				CLANG_WARN_DOCUMENTATION_COMMENTS = YES;
				CLANG_WARN_EMPTY_BODY = YES;
				CLANG_WARN_ENUM_CONVERSION = YES;
				CLANG_WARN_INFINITE_RECURSION = YES;
				CLANG_WARN_INT_CONVERSION = YES;
				CLANG_WARN_NON_LITERAL_NULL_CONVERSION = YES;
				CLANG_WARN_OBJC_IMPLICIT_RETAIN_SELF = YES;
				CLANG_WARN_OBJC_LITERAL_CONVERSION = YES;
				CLANG_WARN_OBJC_ROOT_CLASS = YES_ERROR;
				CLANG_WARN_QUOTED_INCLUDE_IN_FRAMEWORK_HEADER = YES;
				CLANG_WARN_RANGE_LOOP_ANALYSIS = YES;
				CLANG_WARN_STRICT_PROTOTYPES = YES;
				CLANG_WARN_SUSPICIOUS_MOVE = YES;
				CLANG_WARN_UNGUARDED_AVAILABILITY = YES_AGGRESSIVE;
				CLANG_WARN_UNREACHABLE_CODE = YES;
				CLANG_WARN__DUPLICATE_METHOD_MATCH = YES;
				COPY_PHASE_STRIP = NO;
				DEBUG_INFORMATION_FORMAT = dwarf;
				DEVELOPMENT_TEAM = 3556BMB6P7;
				ENABLE_STRICT_OBJC_MSGSEND = YES;
				ENABLE_TESTABILITY = YES;
				ENABLE_USER_SCRIPT_SANDBOXING = YES;
				GCC_C_LANGUAGE_STANDARD = gnu17;
				GCC_DYNAMIC_NO_PIC = NO;
				GCC_NO_COMMON_BLOCKS = YES;
				GCC_OPTIMIZATION_LEVEL = 0;
				GCC_PREPROCESSOR_DEFINITIONS = (
					"DEBUG=1",
					"$(inherited)",
				);
				GCC_WARN_64_TO_32_BIT_CONVERSION = YES;
				GCC_WARN_ABOUT_RETURN_TYPE = YES_ERROR;
				GCC_WARN_UNDECLARED_SELECTOR = YES;
				GCC_WARN_UNINITIALIZED_AUTOS = YES_AGGRESSIVE;
				GCC_WARN_UNUSED_FUNCTION = YES;
				GCC_WARN_UNUSED_VARIABLE = YES;
				"INFOPLIST_FILE[sdk=*]" = "MovieLibraryBrowser-Info.plist";
				IPHONEOS_DEPLOYMENT_TARGET = 18.4;
				LOCALIZATION_PREFERS_STRING_CATALOGS = YES;
				MTL_ENABLE_DEBUG_INFO = INCLUDE_SOURCE;
				MTL_FAST_MATH = YES;
				ONLY_ACTIVE_ARCH = YES;
				SDKROOT = iphoneos;
				SWIFT_ACTIVE_COMPILATION_CONDITIONS = "DEBUG $(inherited)";
				SWIFT_OPTIMIZATION_LEVEL = "-Onone";
			};
			name = Debug;
		};
		0F3FB3CD2E16145A00BB9483 /* Release */ = {
			isa = XCBuildConfiguration;
			buildSettings = {
				ALWAYS_SEARCH_USER_PATHS = NO;
				ASSETCATALOG_COMPILER_GENERATE_SWIFT_ASSET_SYMBOL_EXTENSIONS = YES;
				CLANG_ANALYZER_NONNULL = YES;
				CLANG_ANALYZER_NUMBER_OBJECT_CONVERSION = YES_AGGRESSIVE;
				CLANG_CXX_LANGUAGE_STANDARD = "gnu++20";
				CLANG_ENABLE_MODULES = YES;
				CLANG_ENABLE_OBJC_ARC = YES;
				CLANG_ENABLE_OBJC_WEAK = YES;
				CLANG_WARN_BLOCK_CAPTURE_AUTORELEASING = YES;
				CLANG_WARN_BOOL_CONVERSION = YES;
				CLANG_WARN_COMMA = YES;
				CLANG_WARN_CONSTANT_CONVERSION = YES;
				CLANG_WARN_DEPRECATED_OBJC_IMPLEMENTATIONS = YES;
				CLANG_WARN_DIRECT_OBJC_ISA_USAGE = YES_ERROR;
				CLANG_WARN_DOCUMENTATION_COMMENTS = YES;
				CLANG_WARN_EMPTY_BODY = YES;
				CLANG_WARN_ENUM_CONVERSION = YES;
				CLANG_WARN_INFINITE_RECURSION = YES;
				CLANG_WARN_INT_CONVERSION = YES;
				CLANG_WARN_NON_LITERAL_NULL_CONVERSION = YES;
				CLANG_WARN_OBJC_IMPLICIT_RETAIN_SELF = YES;
				CLANG_WARN_OBJC_LITERAL_CONVERSION = YES;
				CLANG_WARN_OBJC_ROOT_CLASS = YES_ERROR;
				CLANG_WARN_QUOTED_INCLUDE_IN_FRAMEWORK_HEADER = YES;
				CLANG_WARN_RANGE_LOOP_ANALYSIS = YES;
				CLANG_WARN_STRICT_PROTOTYPES = YES;
				CLANG_WARN_SUSPICIOUS_MOVE = YES;
				CLANG_WARN_UNGUARDED_AVAILABILITY = YES_AGGRESSIVE;
				CLANG_WARN_UNREACHABLE_CODE = YES;
				CLANG_WARN__DUPLICATE_METHOD_MATCH = YES;
				COPY_PHASE_STRIP = NO;
				DEBUG_INFORMATION_FORMAT = "dwarf-with-dsym";
				DEVELOPMENT_TEAM = 3556BMB6P7;
				ENABLE_NS_ASSERTIONS = NO;
				ENABLE_STRICT_OBJC_MSGSEND = YES;
				ENABLE_USER_SCRIPT_SANDBOXING = YES;
				GCC_C_LANGUAGE_STANDARD = gnu17;
				GCC_NO_COMMON_BLOCKS = YES;
				GCC_WARN_64_TO_32_BIT_CONVERSION = YES;
				GCC_WARN_ABOUT_RETURN_TYPE = YES_ERROR;
				GCC_WARN_UNDECLARED_SELECTOR = YES;
				GCC_WARN_UNINITIALIZED_AUTOS = YES_AGGRESSIVE;
				GCC_WARN_UNUSED_FUNCTION = YES;
				GCC_WARN_UNUSED_VARIABLE = YES;
				"INFOPLIST_FILE[sdk=*]" = "MovieLibraryBrowser-Info.plist";
				IPHONEOS_DEPLOYMENT_TARGET = 18.4;
				LOCALIZATION_PREFERS_STRING_CATALOGS = YES;
				MTL_ENABLE_DEBUG_INFO = NO;
				MTL_FAST_MATH = YES;
				SDKROOT = iphoneos;
				SWIFT_COMPILATION_MODE = wholemodule;
				VALIDATE_PRODUCT = YES;
			};
			name = Release;
		};
		0F3FB3CF2E16145A00BB9483 /* Debug */ = {
			isa = XCBuildConfiguration;
			buildSettings = {
				ASSETCATALOG_COMPILER_APPICON_NAME = AppIcon;
				ASSETCATALOG_COMPILER_GLOBAL_ACCENT_COLOR_NAME = AccentColor;
				CODE_SIGN_STYLE = Automatic;
				CURRENT_PROJECT_VERSION = 1;
				DEVELOPMENT_TEAM = 3556BMB6P7;
				ENABLE_PREVIEWS = YES;
				GENERATE_INFOPLIST_FILE = YES;
				INFOPLIST_KEY_UIApplicationSceneManifest_Generation = YES;
				INFOPLIST_KEY_UIApplicationSupportsIndirectInputEvents = YES;
				INFOPLIST_KEY_UILaunchScreen_Generation = YES;
				INFOPLIST_KEY_UISupportedInterfaceOrientations_iPad = "UIInterfaceOrientationPortrait UIInterfaceOrientationPortraitUpsideDown UIInterfaceOrientationLandscapeLeft UIInterfaceOrientationLandscapeRight";
				INFOPLIST_KEY_UISupportedInterfaceOrientations_iPhone = "UIInterfaceOrientationPortrait UIInterfaceOrientationLandscapeLeft UIInterfaceOrientationLandscapeRight";
				LD_RUNPATH_SEARCH_PATHS = (
					"$(inherited)",
					"@executable_path/Frameworks",
				);
				MARKETING_VERSION = 1.0;
				PRODUCT_BUNDLE_IDENTIFIER = Tahminur.MovieLibraryBrowser;
				PRODUCT_NAME = "$(TARGET_NAME)";
				SWIFT_EMIT_LOC_STRINGS = YES;
				SWIFT_VERSION = 5.0;
				TARGETED_DEVICE_FAMILY = "1,2";
			};
			name = Debug;
		};
		0F3FB3D02E16145A00BB9483 /* Release */ = {
			isa = XCBuildConfiguration;
			buildSettings = {
				ASSETCATALOG_COMPILER_APPICON_NAME = AppIcon;
				ASSETCATALOG_COMPILER_GLOBAL_ACCENT_COLOR_NAME = AccentColor;
				CODE_SIGN_STYLE = Automatic;
				CURRENT_PROJECT_VERSION = 1;
				DEVELOPMENT_TEAM = 3556BMB6P7;
				ENABLE_PREVIEWS = YES;
				GENERATE_INFOPLIST_FILE = YES;
				INFOPLIST_KEY_UIApplicationSceneManifest_Generation = YES;
				INFOPLIST_KEY_UIApplicationSupportsIndirectInputEvents = YES;
				INFOPLIST_KEY_UILaunchScreen_Generation = YES;
				INFOPLIST_KEY_UISupportedInterfaceOrientations_iPad = "UIInterfaceOrientationPortrait UIInterfaceOrientationPortraitUpsideDown UIInterfaceOrientationLandscapeLeft UIInterfaceOrientationLandscapeRight";
				INFOPLIST_KEY_UISupportedInterfaceOrientations_iPhone = "UIInterfaceOrientationPortrait UIInterfaceOrientationLandscapeLeft UIInterfaceOrientationLandscapeRight";
				LD_RUNPATH_SEARCH_PATHS = (
					"$(inherited)",
					"@executable_path/Frameworks",
				);
				MARKETING_VERSION = 1.0;
				PRODUCT_BUNDLE_IDENTIFIER = Tahminur.MovieLibraryBrowser;
				PRODUCT_NAME = "$(TARGET_NAME)";
				SWIFT_EMIT_LOC_STRINGS = YES;
				SWIFT_VERSION = 5.0;
				TARGETED_DEVICE_FAMILY = "1,2";
			};
			name = Release;
		};
		0F3FB3D22E16145A00BB9483 /* Debug */ = {
			isa = XCBuildConfiguration;
			buildSettings = {
				BUNDLE_LOADER = "$(TEST_HOST)";
				CODE_SIGN_STYLE = Automatic;
				CURRENT_PROJECT_VERSION = 1;
				DEVELOPMENT_TEAM = 3556BMB6P7;
				GENERATE_INFOPLIST_FILE = YES;
				IPHONEOS_DEPLOYMENT_TARGET = 18.4;
				MARKETING_VERSION = 1.0;
				PRODUCT_BUNDLE_IDENTIFIER = Tahminur.MovieLibraryBrowserTests;
				PRODUCT_NAME = "$(TARGET_NAME)";
				SWIFT_EMIT_LOC_STRINGS = NO;
				SWIFT_VERSION = 5.0;
				TARGETED_DEVICE_FAMILY = "1,2";
				TEST_HOST = "$(BUILT_PRODUCTS_DIR)/MovieLibraryBrowser.app/$(BUNDLE_EXECUTABLE_FOLDER_PATH)/MovieLibraryBrowser";
			};
			name = Debug;
		};
		0F3FB3D32E16145A00BB9483 /* Release */ = {
			isa = XCBuildConfiguration;
			buildSettings = {
				BUNDLE_LOADER = "$(TEST_HOST)";
				CODE_SIGN_STYLE = Automatic;
				CURRENT_PROJECT_VERSION = 1;
				DEVELOPMENT_TEAM = 3556BMB6P7;
				GENERATE_INFOPLIST_FILE = YES;
				IPHONEOS_DEPLOYMENT_TARGET = 18.4;
				MARKETING_VERSION = 1.0;
				PRODUCT_BUNDLE_IDENTIFIER = Tahminur.MovieLibraryBrowserTests;
				PRODUCT_NAME = "$(TARGET_NAME)";
				SWIFT_EMIT_LOC_STRINGS = NO;
				SWIFT_VERSION = 5.0;
				TARGETED_DEVICE_FAMILY = "1,2";
				TEST_HOST = "$(BUILT_PRODUCTS_DIR)/MovieLibraryBrowser.app/$(BUNDLE_EXECUTABLE_FOLDER_PATH)/MovieLibraryBrowser";
			};
			name = Release;
		};
		0F3FB3D52E16145A00BB9483 /* Debug */ = {
			isa = XCBuildConfiguration;
			buildSettings = {
				CODE_SIGN_STYLE = Automatic;
				CURRENT_PROJECT_VERSION = 1;
				DEVELOPMENT_TEAM = 3556BMB6P7;
				GENERATE_INFOPLIST_FILE = YES;
				MARKETING_VERSION = 1.0;
				PRODUCT_BUNDLE_IDENTIFIER = Tahminur.MovieLibraryBrowserUITests;
				PRODUCT_NAME = "$(TARGET_NAME)";
				SWIFT_EMIT_LOC_STRINGS = NO;
				SWIFT_VERSION = 5.0;
				TARGETED_DEVICE_FAMILY = "1,2";
				TEST_TARGET_NAME = MovieLibraryBrowser;
			};
			name = Debug;
		};
		0F3FB3D62E16145A00BB9483 /* Release */ = {
			isa = XCBuildConfiguration;
			buildSettings = {
				CODE_SIGN_STYLE = Automatic;
				CURRENT_PROJECT_VERSION = 1;
				DEVELOPMENT_TEAM = 3556BMB6P7;
				GENERATE_INFOPLIST_FILE = YES;
				MARKETING_VERSION = 1.0;
				PRODUCT_BUNDLE_IDENTIFIER = Tahminur.MovieLibraryBrowserUITests;
				PRODUCT_NAME = "$(TARGET_NAME)";
				SWIFT_EMIT_LOC_STRINGS = NO;
				SWIFT_VERSION = 5.0;
				TARGETED_DEVICE_FAMILY = "1,2";
				TEST_TARGET_NAME = MovieLibraryBrowser;
			};
			name = Release;
		};
/* End XCBuildConfiguration section */

/* Begin XCConfigurationList section */
		0F3FB3A62E16145A00BB9483 /* Build configuration list for PBXProject "MovieLibraryBrowser" */ = {
			isa = XCConfigurationList;
			buildConfigurations = (
				0F3FB3CC2E16145A00BB9483 /* Debug */,
				0F3FB3CD2E16145A00BB9483 /* Release */,
			);
			defaultConfigurationIsVisible = 0;
			defaultConfigurationName = Release;
		};
		0F3FB3CE2E16145A00BB9483 /* Build configuration list for PBXNativeTarget "MovieLibraryBrowser" */ = {
			isa = XCConfigurationList;
			buildConfigurations = (
				0F3FB3CF2E16145A00BB9483 /* Debug */,
				0F3FB3D02E16145A00BB9483 /* Release */,
			);
			defaultConfigurationIsVisible = 0;
			defaultConfigurationName = Release;
		};
		0F3FB3D12E16145A00BB9483 /* Build configuration list for PBXNativeTarget "MovieLibraryBrowserTests" */ = {
			isa = XCConfigurationList;
			buildConfigurations = (
				0F3FB3D22E16145A00BB9483 /* Debug */,
				0F3FB3D32E16145A00BB9483 /* Release */,
			);
			defaultConfigurationIsVisible = 0;
			defaultConfigurationName = Release;
		};
		0F3FB3D42E16145A00BB9483 /* Build configuration list for PBXNativeTarget "MovieLibraryBrowserUITests" */ = {
			isa = XCConfigurationList;
			buildConfigurations = (
				0F3FB3D52E16145A00BB9483 /* Debug */,
				0F3FB3D62E16145A00BB9483 /* Release */,
			);
			defaultConfigurationIsVisible = 0;
			defaultConfigurationName = Release;
		};
/* End XCConfigurationList section */

/* Begin XCRemoteSwiftPackageReference section */
		0F5FF02D2E1795320076D1F6 /* XCRemoteSwiftPackageReference "Kingfisher" */ = {
			isa = XCRemoteSwiftPackageReference;
			repositoryURL = "https://github.com/onevcat/Kingfisher.git";
			requirement = {
				kind = upToNextMajorVersion;
				minimumVersion = 8.4.0;
			};
		};
/* End XCRemoteSwiftPackageReference section */

/* Begin XCSwiftPackageProductDependency section */
		0F5FF02E2E1795320076D1F6 /* Kingfisher */ = {
			isa = XCSwiftPackageProductDependency;
			package = 0F5FF02D2E1795320076D1F6 /* XCRemoteSwiftPackageReference "Kingfisher" */;
			productName = Kingfisher;
		};
/* End XCSwiftPackageProductDependency section */
	};
	rootObject = 0F3FB3A32E16145A00BB9483 /* Project object */;
}
